PODS:
  - RMStyleManager (0.1.0):
    - UIColor+InputMethods
    - UIImage+ImageWithColor
  - UIColor+InputMethods (1.0.6)
  - UIImage+ImageWithColor (1.3)

DEPENDENCIES:
  - RMStyleManager (from `../`)

EXTERNAL SOURCES:
  RMStyleManager:
    :path: ../

SPEC CHECKSUMS:
  RMStyleManager: 51206df39cb4ba66e71f70c39a335ccfe9f429d5
  UIColor+InputMethods: 58542fd58ca606b368d1ab8a2b7d97581e2ab3c3
  UIImage+ImageWithColor: 158a45817f303804374feeae91046977c09d6c8a

COCOAPODS: 0.38.2
